
Microsoft Visual Studio Solution File, Format Version 12.00
# Visual Studio 15
VisualStudioVersion = 15.0.26403.0
MinimumVisualStudioVersion = 10.0.40219.1
Project("{FAE04EC0-301F-11D3-BF4B-00C04F79EFBC}") = "FriendlyMySample", "FriendlyMySample\FriendlyMySample.csproj", "{3CFD7E13-1E94-4C4C-A167-37EE7F69F38B}"
EndProject
Project("{FAE04EC0-301F-11D3-BF4B-00C04F79EFBC}") = "TestByFriendly", "TestByFriendly\TestByFriendly.csproj", "{F4F7FD76-A458-4AC6-94EA-13D07DBCB7C0}"
EndProject
Project("{FAE04EC0-301F-11D3-BF4B-00C04F79EFBC}") = "Intruder", "Intruder\Intruder.csproj", "{CC4929C7-A2AF-4177-B937-6447C1D45339}"
EndProject
Global
	GlobalSection(SolutionConfigurationPlatforms) = preSolution
		Debug|Any CPU = Debug|Any CPU
		Release|Any CPU = Release|Any CPU
	EndGlobalSection
	GlobalSection(ProjectConfigurationPlatforms) = postSolution
		{3CFD7E13-1E94-4C4C-A167-37EE7F69F38B}.Debug|Any CPU.ActiveCfg = Debug|Any CPU
		{3CFD7E13-1E94-4C4C-A167-37EE7F69F38B}.Debug|Any CPU.Build.0 = Debug|Any CPU
		{3CFD7E13-1E94-4C4C-A167-37EE7F69F38B}.Release|Any CPU.ActiveCfg = Release|Any CPU
		{3CFD7E13-1E94-4C4C-A167-37EE7F69F38B}.Release|Any CPU.Build.0 = Release|Any CPU
		{F4F7FD76-A458-4AC6-94EA-13D07DBCB7C0}.Debug|Any CPU.ActiveCfg = Debug|Any CPU
		{F4F7FD76-A458-4AC6-94EA-13D07DBCB7C0}.Debug|Any CPU.Build.0 = Debug|Any CPU
		{F4F7FD76-A458-4AC6-94EA-13D07DBCB7C0}.Release|Any CPU.ActiveCfg = Release|Any CPU
		{F4F7FD76-A458-4AC6-94EA-13D07DBCB7C0}.Release|Any CPU.Build.0 = Release|Any CPU
		{CC4929C7-A2AF-4177-B937-6447C1D45339}.Debug|Any CPU.ActiveCfg = Debug|Any CPU
		{CC4929C7-A2AF-4177-B937-6447C1D45339}.Debug|Any CPU.Build.0 = Debug|Any CPU
		{CC4929C7-A2AF-4177-B937-6447C1D45339}.Release|Any CPU.ActiveCfg = Release|Any CPU
		{CC4929C7-A2AF-4177-B937-6447C1D45339}.Release|Any CPU.Build.0 = Release|Any CPU
	EndGlobalSection
	GlobalSection(SolutionProperties) = preSolution
		HideSolutionNode = FALSE
	EndGlobalSection
EndGlobal
